{
  "requires": true,
  "lockfileVersion": 1,
  "dependencies": {
    "pyright": {
      "version": "1.1.177",
      "resolved": "https://registry.npmjs.org/pyright/-/pyright-1.1.177.tgz",
      "integrity": "sha512-CVR1whcY/Vn3Vuo10b9HJj+wHRt7W7w27g/fQTgFh6XHE7ggSPLO6Rq9N1KuJVdebwIirsSYN2ZVvvbHmxr68w=="
    }
  }
}
