# THIS IS AN AUTOGENERATED FILE. DO NOT EDIT THIS FILE DIRECTLY.
# yarn lockfile v1


"@patternfly/patternfly@2.56.3":
  version "2.56.3"
  resolved "https://registry.yarnpkg.com/@patternfly/patternfly/-/patternfly-2.56.3.tgz#ca70eec632863f4ab62dada040f0979998a1355b"
  integrity sha512-merUreEz4ul84s+OXwJ27AtMtcBdzExDX+Xn/T84OD6OAgG8iU1x1dnWdFBeEFKOlTpKxwjXxS/Zc8tSxpfRBw==
