dependencies:
- name: postgresql
  repository: https://kubernetes-charts.storage.googleapis.com/
  version: 6.3.10
- name: redis
  repository: https://kubernetes-charts.storage.googleapis.com/
  version: 9.2.1
digest: sha256:bdde250e1401dccdd5161e39c807f9e88b05e3e8e72e74df767a1bbb5fc39a4a
generated: "2019-10-01T10:46:06.542706+02:00"
