dependencies:
- name: redis
  repository: https://kubernetes-charts.storage.googleapis.com/
  version: 5.1.0
- name: postgresql
  repository: https://kubernetes-charts.storage.googleapis.com/
  version: 3.10.1
digest: sha256:04bd136761f070e94a2ff32ff48ff87f5e07fbd451e5fd7f65551e3bd4680e5e
generated: 2019-02-08T12:08:49.090666+01:00
