dependencies:
- name: rabbitmq
  repository: https://kubernetes-charts.storage.googleapis.com/
  version: 4.3.2
- name: postgresql
  repository: https://kubernetes-charts.storage.googleapis.com/
  version: 3.10.1
digest: sha256:c36e054785f7d706d7d3f525eb1b167dbc89b42f84da7fc167a18bbb6542c999
generated: 2019-03-11T20:36:35.125079+01:00
