{
    "name": "@goauthentik/esbuild-plugin-live-reload",
    "version": "1.0.5",
    "lockfileVersion": 3,
    "requires": true,
    "packages": {
        "": {
            "name": "@goauthentik/esbuild-plugin-live-reload",
            "version": "1.0.5",
            "license": "MIT",
            "dependencies": {
                "find-free-ports": "^3.1.1"
            },
            "devDependencies": {
                "@goauthentik/prettier-config": "^1.0.5",
                "@goauthentik/tsconfig": "^1.0.4",
                "@trivago/prettier-plugin-sort-imports": "^5.2.2",
                "@types/node": "^22.15.21",
                "esbuild": "^0.25.4",
                "prettier": "^3.5.3",
                "prettier-plugin-packagejson": "^2.5.14",
                "typescript": "^5.8.3"
            },
            "engines": {
                "node": ">=22.15.1"
            },
            "peerDependencies": {
                "esbuild": "^0.25.4"
            }
        },
        "node_modules/@babel/code-frame": {
            "version": "7.27.1",
            "resolved": "https://registry.npmjs.org/@babel/code-frame/-/code-frame-7.27.1.tgz",
            "integrity": "sha512-cjQ7ZlQ0Mv3b47hABuTevyTuYN4i+loJKGeV9flcCgIK37cCXRh+L1bd3iBHlynerhQ7BhCkn2BPbQUL+rGqFg==",
            "dev": true,
            "license": "MIT",
            "dependencies": {
                "@babel/helper-validator-identifier": "^7.27.1",
                "js-tokens": "^4.0.0",
                "picocolors": "^1.1.1"
            },
            "engines": {
                "node": ">=6.9.0"
            }
        },
        "node_modules/@babel/generator": {
            "version": "7.27.1",
            "resolved": "https://registry.npmjs.org/@babel/generator/-/generator-7.27.1.tgz",
            "integrity": "sha512-UnJfnIpc/+JO0/+KRVQNGU+y5taA5vCbwN8+azkX6beii/ZF+enZJSOKo11ZSzGJjlNfJHfQtmQT8H+9TXPG2w==",
            "dev": true,
            "license": "MIT",
            "dependencies": {
                "@babel/parser": "^7.27.1",
                "@babel/types": "^7.27.1",
                "@jridgewell/gen-mapping": "^0.3.5",
                "@jridgewell/trace-mapping": "^0.3.25",
                "jsesc": "^3.0.2"
            },
            "engines": {
                "node": ">=6.9.0"
            }
        },
        "node_modules/@babel/helper-string-parser": {
            "version": "7.27.1",
            "resolved": "https://registry.npmjs.org/@babel/helper-string-parser/-/helper-string-parser-7.27.1.tgz",
            "integrity": "sha512-qMlSxKbpRlAridDExk92nSobyDdpPijUq2DW6oDnUqd0iOGxmQjyqhMIihI9+zv4LPyZdRje2cavWPbCbWm3eA==",
            "dev": true,
            "license": "MIT",
            "engines": {
                "node": ">=6.9.0"
            }
        },
        "node_modules/@babel/helper-validator-identifier": {
            "version": "7.27.1",
            "resolved": "https://registry.npmjs.org/@babel/helper-validator-identifier/-/helper-validator-identifier-7.27.1.tgz",
            "integrity": "sha512-D2hP9eA+Sqx1kBZgzxZh0y1trbuU+JoDkiEwqhQ36nodYqJwyEIhPSdMNd7lOm/4io72luTPWH20Yda0xOuUow==",
            "dev": true,
            "license": "MIT",
            "engines": {
                "node": ">=6.9.0"
            }
        },
        "node_modules/@babel/parser": {
            "version": "7.27.2",
            "resolved": "https://registry.npmjs.org/@babel/parser/-/parser-7.27.2.tgz",
            "integrity": "sha512-QYLs8299NA7WM/bZAdp+CviYYkVoYXlDW2rzliy3chxd1PQjej7JORuMJDJXJUb9g0TT+B99EwaVLKmX+sPXWw==",
            "dev": true,
            "license": "MIT",
            "dependencies": {
                "@babel/types": "^7.27.1"
            },
            "bin": {
                "parser": "bin/babel-parser.js"
            },
            "engines": {
                "node": ">=6.0.0"
            }
        },
        "node_modules/@babel/template": {
            "version": "7.27.2",
            "resolved": "https://registry.npmjs.org/@babel/template/-/template-7.27.2.tgz",
            "integrity": "sha512-LPDZ85aEJyYSd18/DkjNh4/y1ntkE5KwUHWTiqgRxruuZL2F1yuHligVHLvcHY2vMHXttKFpJn6LwfI7cw7ODw==",
            "dev": true,
            "license": "MIT",
            "dependencies": {
                "@babel/code-frame": "^7.27.1",
                "@babel/parser": "^7.27.2",
                "@babel/types": "^7.27.1"
            },
            "engines": {
                "node": ">=6.9.0"
            }
        },
        "node_modules/@babel/traverse": {
            "version": "7.27.1",
            "resolved": "https://registry.npmjs.org/@babel/traverse/-/traverse-7.27.1.tgz",
            "integrity": "sha512-ZCYtZciz1IWJB4U61UPu4KEaqyfj+r5T1Q5mqPo+IBpcG9kHv30Z0aD8LXPgC1trYa6rK0orRyAhqUgk4MjmEg==",
            "dev": true,
            "license": "MIT",
            "dependencies": {
                "@babel/code-frame": "^7.27.1",
                "@babel/generator": "^7.27.1",
                "@babel/parser": "^7.27.1",
                "@babel/template": "^7.27.1",
                "@babel/types": "^7.27.1",
                "debug": "^4.3.1",
                "globals": "^11.1.0"
            },
            "engines": {
                "node": ">=6.9.0"
            }
        },
        "node_modules/@babel/types": {
            "version": "7.27.1",
            "resolved": "https://registry.npmjs.org/@babel/types/-/types-7.27.1.tgz",
            "integrity": "sha512-+EzkxvLNfiUeKMgy/3luqfsCWFRXLb7U6wNQTk60tovuckwB15B191tJWvpp4HjiQWdJkCxO3Wbvc6jlk3Xb2Q==",
            "dev": true,
            "license": "MIT",
            "dependencies": {
                "@babel/helper-string-parser": "^7.27.1",
                "@babel/helper-validator-identifier": "^7.27.1"
            },
            "engines": {
                "node": ">=6.9.0"
            }
        },
        "node_modules/@esbuild/aix-ppc64": {
            "version": "0.25.4",
            "resolved": "https://registry.npmjs.org/@esbuild/aix-ppc64/-/aix-ppc64-0.25.4.tgz",
            "integrity": "sha512-1VCICWypeQKhVbE9oW/sJaAmjLxhVqacdkvPLEjwlttjfwENRSClS8EjBz0KzRyFSCPDIkuXW34Je/vk7zdB7Q==",
            "cpu": [
                "ppc64"
            ],
            "dev": true,
            "license": "MIT",
            "optional": true,
            "os": [
                "aix"
            ],
            "engines": {
                "node": ">=18"
            }
        },
        "node_modules/@esbuild/android-arm": {
            "version": "0.25.4",
            "resolved": "https://registry.npmjs.org/@esbuild/android-arm/-/android-arm-0.25.4.tgz",
            "integrity": "sha512-QNdQEps7DfFwE3hXiU4BZeOV68HHzYwGd0Nthhd3uCkkEKK7/R6MTgM0P7H7FAs5pU/DIWsviMmEGxEoxIZ+ZQ==",
            "cpu": [
                "arm"
            ],
            "dev": true,
            "license": "MIT",
            "optional": true,
            "os": [
                "android"
            ],
            "engines": {
                "node": ">=18"
            }
        },
        "node_modules/@esbuild/android-arm64": {
            "version": "0.25.4",
            "resolved": "https://registry.npmjs.org/@esbuild/android-arm64/-/android-arm64-0.25.4.tgz",
            "integrity": "sha512-bBy69pgfhMGtCnwpC/x5QhfxAz/cBgQ9enbtwjf6V9lnPI/hMyT9iWpR1arm0l3kttTr4L0KSLpKmLp/ilKS9A==",
            "cpu": [
                "arm64"
            ],
            "dev": true,
            "license": "MIT",
            "optional": true,
            "os": [
                "android"
            ],
            "engines": {
                "node": ">=18"
            }
        },
        "node_modules/@esbuild/android-x64": {
            "version": "0.25.4",
            "resolved": "https://registry.npmjs.org/@esbuild/android-x64/-/android-x64-0.25.4.tgz",
            "integrity": "sha512-TVhdVtQIFuVpIIR282btcGC2oGQoSfZfmBdTip2anCaVYcqWlZXGcdcKIUklfX2wj0JklNYgz39OBqh2cqXvcQ==",
            "cpu": [
                "x64"
            ],
            "dev": true,
            "license": "MIT",
            "optional": true,
            "os": [
                "android"
            ],
            "engines": {
                "node": ">=18"
            }
        },
        "node_modules/@esbuild/darwin-arm64": {
            "version": "0.25.4",
            "resolved": "https://registry.npmjs.org/@esbuild/darwin-arm64/-/darwin-arm64-0.25.4.tgz",
            "integrity": "sha512-Y1giCfM4nlHDWEfSckMzeWNdQS31BQGs9/rouw6Ub91tkK79aIMTH3q9xHvzH8d0wDru5Ci0kWB8b3up/nl16g==",
            "cpu": [
                "arm64"
            ],
            "dev": true,
            "license": "MIT",
            "optional": true,
            "os": [
                "darwin"
            ],
            "engines": {
                "node": ">=18"
            }
        },
        "node_modules/@esbuild/darwin-x64": {
            "version": "0.25.4",
            "resolved": "https://registry.npmjs.org/@esbuild/darwin-x64/-/darwin-x64-0.25.4.tgz",
            "integrity": "sha512-CJsry8ZGM5VFVeyUYB3cdKpd/H69PYez4eJh1W/t38vzutdjEjtP7hB6eLKBoOdxcAlCtEYHzQ/PJ/oU9I4u0A==",
            "cpu": [
                "x64"
            ],
            "dev": true,
            "license": "MIT",
            "optional": true,
            "os": [
                "darwin"
            ],
            "engines": {
                "node": ">=18"
            }
        },
        "node_modules/@esbuild/freebsd-arm64": {
            "version": "0.25.4",
            "resolved": "https://registry.npmjs.org/@esbuild/freebsd-arm64/-/freebsd-arm64-0.25.4.tgz",
            "integrity": "sha512-yYq+39NlTRzU2XmoPW4l5Ifpl9fqSk0nAJYM/V/WUGPEFfek1epLHJIkTQM6bBs1swApjO5nWgvr843g6TjxuQ==",
            "cpu": [
                "arm64"
            ],
            "dev": true,
            "license": "MIT",
            "optional": true,
            "os": [
                "freebsd"
            ],
            "engines": {
                "node": ">=18"
            }
        },
        "node_modules/@esbuild/freebsd-x64": {
            "version": "0.25.4",
            "resolved": "https://registry.npmjs.org/@esbuild/freebsd-x64/-/freebsd-x64-0.25.4.tgz",
            "integrity": "sha512-0FgvOJ6UUMflsHSPLzdfDnnBBVoCDtBTVyn/MrWloUNvq/5SFmh13l3dvgRPkDihRxb77Y17MbqbCAa2strMQQ==",
            "cpu": [
                "x64"
            ],
            "dev": true,
            "license": "MIT",
            "optional": true,
            "os": [
                "freebsd"
            ],
            "engines": {
                "node": ">=18"
            }
        },
        "node_modules/@esbuild/linux-arm": {
            "version": "0.25.4",
            "resolved": "https://registry.npmjs.org/@esbuild/linux-arm/-/linux-arm-0.25.4.tgz",
            "integrity": "sha512-kro4c0P85GMfFYqW4TWOpvmF8rFShbWGnrLqlzp4X1TNWjRY3JMYUfDCtOxPKOIY8B0WC8HN51hGP4I4hz4AaQ==",
            "cpu": [
                "arm"
            ],
            "dev": true,
            "license": "MIT",
            "optional": true,
            "os": [
                "linux"
            ],
            "engines": {
                "node": ">=18"
            }
        },
        "node_modules/@esbuild/linux-arm64": {
            "version": "0.25.4",
            "resolved": "https://registry.npmjs.org/@esbuild/linux-arm64/-/linux-arm64-0.25.4.tgz",
            "integrity": "sha512-+89UsQTfXdmjIvZS6nUnOOLoXnkUTB9hR5QAeLrQdzOSWZvNSAXAtcRDHWtqAUtAmv7ZM1WPOOeSxDzzzMogiQ==",
            "cpu": [
                "arm64"
            ],
            "dev": true,
            "license": "MIT",
            "optional": true,
            "os": [
                "linux"
            ],
            "engines": {
                "node": ">=18"
            }
        },
        "node_modules/@esbuild/linux-ia32": {
            "version": "0.25.4",
            "resolved": "https://registry.npmjs.org/@esbuild/linux-ia32/-/linux-ia32-0.25.4.tgz",
            "integrity": "sha512-yTEjoapy8UP3rv8dB0ip3AfMpRbyhSN3+hY8mo/i4QXFeDxmiYbEKp3ZRjBKcOP862Ua4b1PDfwlvbuwY7hIGQ==",
            "cpu": [
                "ia32"
            ],
            "dev": true,
            "license": "MIT",
            "optional": true,
            "os": [
                "linux"
            ],
            "engines": {
                "node": ">=18"
            }
        },
        "node_modules/@esbuild/linux-loong64": {
            "version": "0.25.4",
            "resolved": "https://registry.npmjs.org/@esbuild/linux-loong64/-/linux-loong64-0.25.4.tgz",
            "integrity": "sha512-NeqqYkrcGzFwi6CGRGNMOjWGGSYOpqwCjS9fvaUlX5s3zwOtn1qwg1s2iE2svBe4Q/YOG1q6875lcAoQK/F4VA==",
            "cpu": [
                "loong64"
            ],
            "dev": true,
            "license": "MIT",
            "optional": true,
            "os": [
                "linux"
            ],
            "engines": {
                "node": ">=18"
            }
        },
        "node_modules/@esbuild/linux-mips64el": {
            "version": "0.25.4",
            "resolved": "https://registry.npmjs.org/@esbuild/linux-mips64el/-/linux-mips64el-0.25.4.tgz",
            "integrity": "sha512-IcvTlF9dtLrfL/M8WgNI/qJYBENP3ekgsHbYUIzEzq5XJzzVEV/fXY9WFPfEEXmu3ck2qJP8LG/p3Q8f7Zc2Xg==",
            "cpu": [
                "mips64el"
            ],
            "dev": true,
            "license": "MIT",
            "optional": true,
            "os": [
                "linux"
            ],
            "engines": {
                "node": ">=18"
            }
        },
        "node_modules/@esbuild/linux-ppc64": {
            "version": "0.25.4",
            "resolved": "https://registry.npmjs.org/@esbuild/linux-ppc64/-/linux-ppc64-0.25.4.tgz",
            "integrity": "sha512-HOy0aLTJTVtoTeGZh4HSXaO6M95qu4k5lJcH4gxv56iaycfz1S8GO/5Jh6X4Y1YiI0h7cRyLi+HixMR+88swag==",
            "cpu": [
                "ppc64"
            ],
            "dev": true,
            "license": "MIT",
            "optional": true,
            "os": [
                "linux"
            ],
            "engines": {
                "node": ">=18"
            }
        },
        "node_modules/@esbuild/linux-riscv64": {
            "version": "0.25.4",
            "resolved": "https://registry.npmjs.org/@esbuild/linux-riscv64/-/linux-riscv64-0.25.4.tgz",
            "integrity": "sha512-i8JUDAufpz9jOzo4yIShCTcXzS07vEgWzyX3NH2G7LEFVgrLEhjwL3ajFE4fZI3I4ZgiM7JH3GQ7ReObROvSUA==",
            "cpu": [
                "riscv64"
            ],
            "dev": true,
            "license": "MIT",
            "optional": true,
            "os": [
                "linux"
            ],
            "engines": {
                "node": ">=18"
            }
        },
        "node_modules/@esbuild/linux-s390x": {
            "version": "0.25.4",
            "resolved": "https://registry.npmjs.org/@esbuild/linux-s390x/-/linux-s390x-0.25.4.tgz",
            "integrity": "sha512-jFnu+6UbLlzIjPQpWCNh5QtrcNfMLjgIavnwPQAfoGx4q17ocOU9MsQ2QVvFxwQoWpZT8DvTLooTvmOQXkO51g==",
            "cpu": [
                "s390x"
            ],
            "dev": true,
            "license": "MIT",
            "optional": true,
            "os": [
                "linux"
            ],
            "engines": {
                "node": ">=18"
            }
        },
        "node_modules/@esbuild/linux-x64": {
            "version": "0.25.4",
            "resolved": "https://registry.npmjs.org/@esbuild/linux-x64/-/linux-x64-0.25.4.tgz",
            "integrity": "sha512-6e0cvXwzOnVWJHq+mskP8DNSrKBr1bULBvnFLpc1KY+d+irZSgZ02TGse5FsafKS5jg2e4pbvK6TPXaF/A6+CA==",
            "cpu": [
                "x64"
            ],
            "dev": true,
            "license": "MIT",
            "optional": true,
            "os": [
                "linux"
            ],
            "engines": {
                "node": ">=18"
            }
        },
        "node_modules/@esbuild/netbsd-arm64": {
            "version": "0.25.4",
            "resolved": "https://registry.npmjs.org/@esbuild/netbsd-arm64/-/netbsd-arm64-0.25.4.tgz",
            "integrity": "sha512-vUnkBYxZW4hL/ie91hSqaSNjulOnYXE1VSLusnvHg2u3jewJBz3YzB9+oCw8DABeVqZGg94t9tyZFoHma8gWZQ==",
            "cpu": [
                "arm64"
            ],
            "dev": true,
            "license": "MIT",
            "optional": true,
            "os": [
                "netbsd"
            ],
            "engines": {
                "node": ">=18"
            }
        },
        "node_modules/@esbuild/netbsd-x64": {
            "version": "0.25.4",
            "resolved": "https://registry.npmjs.org/@esbuild/netbsd-x64/-/netbsd-x64-0.25.4.tgz",
            "integrity": "sha512-XAg8pIQn5CzhOB8odIcAm42QsOfa98SBeKUdo4xa8OvX8LbMZqEtgeWE9P/Wxt7MlG2QqvjGths+nq48TrUiKw==",
            "cpu": [
                "x64"
            ],
            "dev": true,
            "license": "MIT",
            "optional": true,
            "os": [
                "netbsd"
            ],
            "engines": {
                "node": ">=18"
            }
        },
        "node_modules/@esbuild/openbsd-arm64": {
            "version": "0.25.4",
            "resolved": "https://registry.npmjs.org/@esbuild/openbsd-arm64/-/openbsd-arm64-0.25.4.tgz",
            "integrity": "sha512-Ct2WcFEANlFDtp1nVAXSNBPDxyU+j7+tId//iHXU2f/lN5AmO4zLyhDcpR5Cz1r08mVxzt3Jpyt4PmXQ1O6+7A==",
            "cpu": [
                "arm64"
            ],
            "dev": true,
            "license": "MIT",
            "optional": true,
            "os": [
                "openbsd"
            ],
            "engines": {
                "node": ">=18"
            }
        },
        "node_modules/@esbuild/openbsd-x64": {
            "version": "0.25.4",
            "resolved": "https://registry.npmjs.org/@esbuild/openbsd-x64/-/openbsd-x64-0.25.4.tgz",
            "integrity": "sha512-xAGGhyOQ9Otm1Xu8NT1ifGLnA6M3sJxZ6ixylb+vIUVzvvd6GOALpwQrYrtlPouMqd/vSbgehz6HaVk4+7Afhw==",
            "cpu": [
                "x64"
            ],
            "dev": true,
            "license": "MIT",
            "optional": true,
            "os": [
                "openbsd"
            ],
            "engines": {
                "node": ">=18"
            }
        },
        "node_modules/@esbuild/sunos-x64": {
            "version": "0.25.4",
            "resolved": "https://registry.npmjs.org/@esbuild/sunos-x64/-/sunos-x64-0.25.4.tgz",
            "integrity": "sha512-Mw+tzy4pp6wZEK0+Lwr76pWLjrtjmJyUB23tHKqEDP74R3q95luY/bXqXZeYl4NYlvwOqoRKlInQialgCKy67Q==",
            "cpu": [
                "x64"
            ],
            "dev": true,
            "license": "MIT",
            "optional": true,
            "os": [
                "sunos"
            ],
            "engines": {
                "node": ">=18"
            }
        },
        "node_modules/@esbuild/win32-arm64": {
            "version": "0.25.4",
            "resolved": "https://registry.npmjs.org/@esbuild/win32-arm64/-/win32-arm64-0.25.4.tgz",
            "integrity": "sha512-AVUP428VQTSddguz9dO9ngb+E5aScyg7nOeJDrF1HPYu555gmza3bDGMPhmVXL8svDSoqPCsCPjb265yG/kLKQ==",
            "cpu": [
                "arm64"
            ],
            "dev": true,
            "license": "MIT",
            "optional": true,
            "os": [
                "win32"
            ],
            "engines": {
                "node": ">=18"
            }
        },
        "node_modules/@esbuild/win32-ia32": {
            "version": "0.25.4",
            "resolved": "https://registry.npmjs.org/@esbuild/win32-ia32/-/win32-ia32-0.25.4.tgz",
            "integrity": "sha512-i1sW+1i+oWvQzSgfRcxxG2k4I9n3O9NRqy8U+uugaT2Dy7kLO9Y7wI72haOahxceMX8hZAzgGou1FhndRldxRg==",
            "cpu": [
                "ia32"
            ],
            "dev": true,
            "license": "MIT",
            "optional": true,
            "os": [
                "win32"
            ],
            "engines": {
                "node": ">=18"
            }
        },
        "node_modules/@esbuild/win32-x64": {
            "version": "0.25.4",
            "resolved": "https://registry.npmjs.org/@esbuild/win32-x64/-/win32-x64-0.25.4.tgz",
            "integrity": "sha512-nOT2vZNw6hJ+z43oP1SPea/G/6AbN6X+bGNhNuq8NtRHy4wsMhw765IKLNmnjek7GvjWBYQ8Q5VBoYTFg9y1UQ==",
            "cpu": [
                "x64"
            ],
            "dev": true,
            "license": "MIT",
            "optional": true,
            "os": [
                "win32"
            ],
            "engines": {
                "node": ">=18"
            }
        },
        "node_modules/@goauthentik/prettier-config": {
            "version": "1.0.5",
            "resolved": "https://registry.npmjs.org/@goauthentik/prettier-config/-/prettier-config-1.0.5.tgz",
            "integrity": "sha512-3W1uJvhzBPerDao53hSXhNzB7Ev8DbGYh+gVkuku1FaUZGBpiwD/6U3ah4sny8NoRiObGQ1geF4dhNLtlRbC/Q==",
            "dev": true,
            "license": "MIT",
            "engines": {
                "node": ">=20.11"
            },
            "peerDependencies": {
                "@trivago/prettier-plugin-sort-imports": "^5.2.2",
                "prettier": "^3.5.3",
                "prettier-plugin-organize-imports": "^4.1.0",
                "prettier-plugin-packagejson": "^2.5.14"
            }
        },
        "node_modules/@goauthentik/tsconfig": {
            "version": "1.0.4",
            "resolved": "https://registry.npmjs.org/@goauthentik/tsconfig/-/tsconfig-1.0.4.tgz",
            "integrity": "sha512-BTGVpGh8SbCRHTULBf+2WTcw6OHJ8Ws9VtVfAMUUgcq8whbH/A7Q/n8WbkDaEeihzHUFkLk3JBenHKzEKAZWlw==",
            "dev": true,
            "license": "MIT",
            "engines": {
                "node": ">=20.11"
            }
        },
        "node_modules/@jridgewell/gen-mapping": {
            "version": "0.3.8",
            "resolved": "https://registry.npmjs.org/@jridgewell/gen-mapping/-/gen-mapping-0.3.8.tgz",
            "integrity": "sha512-imAbBGkb+ebQyxKgzv5Hu2nmROxoDOXHh80evxdoXNOrvAnVx7zimzc1Oo5h9RlfV4vPXaE2iM5pOFbvOCClWA==",
            "dev": true,
            "license": "MIT",
            "dependencies": {
                "@jridgewell/set-array": "^1.2.1",
                "@jridgewell/sourcemap-codec": "^1.4.10",
                "@jridgewell/trace-mapping": "^0.3.24"
            },
            "engines": {
                "node": ">=6.0.0"
            }
        },
        "node_modules/@jridgewell/resolve-uri": {
            "version": "3.1.2",
            "resolved": "https://registry.npmjs.org/@jridgewell/resolve-uri/-/resolve-uri-3.1.2.tgz",
            "integrity": "sha512-bRISgCIjP20/tbWSPWMEi54QVPRZExkuD9lJL+UIxUKtwVJA8wW1Trb1jMs1RFXo1CBTNZ/5hpC9QvmKWdopKw==",
            "dev": true,
            "license": "MIT",
            "engines": {
                "node": ">=6.0.0"
            }
        },
        "node_modules/@jridgewell/set-array": {
            "version": "1.2.1",
            "resolved": "https://registry.npmjs.org/@jridgewell/set-array/-/set-array-1.2.1.tgz",
            "integrity": "sha512-R8gLRTZeyp03ymzP/6Lil/28tGeGEzhx1q2k703KGWRAI1VdvPIXdG70VJc2pAMw3NA6JKL5hhFu1sJX0Mnn/A==",
            "dev": true,
            "license": "MIT",
            "engines": {
                "node": ">=6.0.0"
            }
        },
        "node_modules/@jridgewell/sourcemap-codec": {
            "version": "1.5.0",
            "resolved": "https://registry.npmjs.org/@jridgewell/sourcemap-codec/-/sourcemap-codec-1.5.0.tgz",
            "integrity": "sha512-gv3ZRaISU3fjPAgNsriBRqGWQL6quFx04YMPW/zD8XMLsU32mhCCbfbO6KZFLjvYpCZ8zyDEgqsgf+PwPaM7GQ==",
            "dev": true,
            "license": "MIT"
        },
        "node_modules/@jridgewell/trace-mapping": {
            "version": "0.3.25",
            "resolved": "https://registry.npmjs.org/@jridgewell/trace-mapping/-/trace-mapping-0.3.25.tgz",
            "integrity": "sha512-vNk6aEwybGtawWmy/PzwnGDOjCkLWSD2wqvjGGAgOAwCGWySYXfYoxt00IJkTF+8Lb57DwOb3Aa0o9CApepiYQ==",
            "dev": true,
            "license": "MIT",
            "dependencies": {
                "@jridgewell/resolve-uri": "^3.1.0",
                "@jridgewell/sourcemap-codec": "^1.4.14"
            }
        },
        "node_modules/@pkgr/core": {
            "version": "0.2.4",
            "dev": true,
            "license": "MIT",
            "engines": {
                "node": "^12.20.0 || ^14.18.0 || >=16.0.0"
            },
            "funding": {
                "url": "https://opencollective.com/pkgr"
            }
        },
        "node_modules/@trivago/prettier-plugin-sort-imports": {
            "version": "5.2.2",
            "resolved": "https://registry.npmjs.org/@trivago/prettier-plugin-sort-imports/-/prettier-plugin-sort-imports-5.2.2.tgz",
            "integrity": "sha512-fYDQA9e6yTNmA13TLVSA+WMQRc5Bn/c0EUBditUHNfMMxN7M82c38b1kEggVE3pLpZ0FwkwJkUEKMiOi52JXFA==",
            "dev": true,
            "license": "Apache-2.0",
            "dependencies": {
                "@babel/generator": "^7.26.5",
                "@babel/parser": "^7.26.7",
                "@babel/traverse": "^7.26.7",
                "@babel/types": "^7.26.7",
                "javascript-natural-sort": "^0.7.1",
                "lodash": "^4.17.21"
            },
            "engines": {
                "node": ">18.12"
            },
            "peerDependencies": {
                "@vue/compiler-sfc": "3.x",
                "prettier": "2.x - 3.x",
                "prettier-plugin-svelte": "3.x",
                "svelte": "4.x || 5.x"
            },
            "peerDependenciesMeta": {
                "@vue/compiler-sfc": {
                    "optional": true
                },
                "prettier-plugin-svelte": {
                    "optional": true
                },
                "svelte": {
                    "optional": true
                }
            }
        },
        "node_modules/@types/node": {
            "version": "22.15.21",
            "resolved": "https://registry.npmjs.org/@types/node/-/node-22.15.21.tgz",
            "integrity": "sha512-EV/37Td6c+MgKAbkcLG6vqZ2zEYHD7bvSrzqqs2RIhbA6w3x+Dqz8MZM3sP6kGTeLrdoOgKZe+Xja7tUB2DNkQ==",
            "dev": true,
            "license": "MIT",
            "dependencies": {
                "undici-types": "~6.21.0"
            }
        },
        "node_modules/debug": {
            "version": "4.4.1",
            "resolved": "https://registry.npmjs.org/debug/-/debug-4.4.1.tgz",
            "integrity": "sha512-KcKCqiftBJcZr++7ykoDIEwSa3XWowTfNPo92BYxjXiyYEVrUQh2aLyhxBCwww+heortUFxEJYcRzosstTEBYQ==",
            "dev": true,
            "license": "MIT",
            "dependencies": {
                "ms": "^2.1.3"
            },
            "engines": {
                "node": ">=6.0"
            },
            "peerDependenciesMeta": {
                "supports-color": {
                    "optional": true
                }
            }
        },
        "node_modules/detect-indent": {
            "version": "7.0.1",
            "resolved": "https://registry.npmjs.org/detect-indent/-/detect-indent-7.0.1.tgz",
            "integrity": "sha512-Mc7QhQ8s+cLrnUfU/Ji94vG/r8M26m8f++vyres4ZoojaRDpZ1eSIh/EpzLNwlWuvzSZ3UbDFspjFvTDXe6e/g==",
            "dev": true,
            "license": "MIT",
            "engines": {
                "node": ">=12.20"
            }
        },
        "node_modules/detect-newline": {
            "version": "4.0.1",
            "resolved": "https://registry.npmjs.org/detect-newline/-/detect-newline-4.0.1.tgz",
            "integrity": "sha512-qE3Veg1YXzGHQhlA6jzebZN2qVf6NX+A7m7qlhCGG30dJixrAQhYOsJjsnBjJkCSmuOPpCk30145fr8FV0bzog==",
            "dev": true,
            "license": "MIT",
            "engines": {
                "node": "^12.20.0 || ^14.13.1 || >=16.0.0"
            },
            "funding": {
                "url": "https://github.com/sponsors/sindresorhus"
            }
        },
        "node_modules/esbuild": {
            "version": "0.25.4",
            "resolved": "https://registry.npmjs.org/esbuild/-/esbuild-0.25.4.tgz",
            "integrity": "sha512-8pgjLUcUjcgDg+2Q4NYXnPbo/vncAY4UmyaCm0jZevERqCHZIaWwdJHkf8XQtu4AxSKCdvrUbT0XUr1IdZzI8Q==",
            "dev": true,
            "hasInstallScript": true,
            "license": "MIT",
            "bin": {
                "esbuild": "bin/esbuild"
            },
            "engines": {
                "node": ">=18"
            },
            "optionalDependencies": {
                "@esbuild/aix-ppc64": "0.25.4",
                "@esbuild/android-arm": "0.25.4",
                "@esbuild/android-arm64": "0.25.4",
                "@esbuild/android-x64": "0.25.4",
                "@esbuild/darwin-arm64": "0.25.4",
                "@esbuild/darwin-x64": "0.25.4",
                "@esbuild/freebsd-arm64": "0.25.4",
                "@esbuild/freebsd-x64": "0.25.4",
                "@esbuild/linux-arm": "0.25.4",
                "@esbuild/linux-arm64": "0.25.4",
                "@esbuild/linux-ia32": "0.25.4",
                "@esbuild/linux-loong64": "0.25.4",
                "@esbuild/linux-mips64el": "0.25.4",
                "@esbuild/linux-ppc64": "0.25.4",
                "@esbuild/linux-riscv64": "0.25.4",
                "@esbuild/linux-s390x": "0.25.4",
                "@esbuild/linux-x64": "0.25.4",
                "@esbuild/netbsd-arm64": "0.25.4",
                "@esbuild/netbsd-x64": "0.25.4",
                "@esbuild/openbsd-arm64": "0.25.4",
                "@esbuild/openbsd-x64": "0.25.4",
                "@esbuild/sunos-x64": "0.25.4",
                "@esbuild/win32-arm64": "0.25.4",
                "@esbuild/win32-ia32": "0.25.4",
                "@esbuild/win32-x64": "0.25.4"
            }
        },
        "node_modules/fdir": {
            "version": "6.4.4",
            "resolved": "https://registry.npmjs.org/fdir/-/fdir-6.4.4.tgz",
            "integrity": "sha512-1NZP+GK4GfuAv3PqKvxQRDMjdSRZjnkq7KfhlNrCNNlZ0ygQFpebfrnfnq/W7fpUnAv9aGWmY1zKx7FYL3gwhg==",
            "dev": true,
            "license": "MIT",
            "peerDependencies": {
                "picomatch": "^3 || ^4"
            },
            "peerDependenciesMeta": {
                "picomatch": {
                    "optional": true
                }
            }
        },
        "node_modules/find-free-ports": {
            "version": "3.1.1",
            "resolved": "https://registry.npmjs.org/find-free-ports/-/find-free-ports-3.1.1.tgz",
            "integrity": "sha512-hQebewth9i5qkf0a0u06iFaxQssk5ZnPBBggsa1vk8zCYaZoz9IZXpoRLTbEOrYdqfrjvcxU00gYoCPgmXugKA==",
            "license": "MIT"
        },
        "node_modules/git-hooks-list": {
            "version": "4.1.1",
            "dev": true,
            "license": "MIT",
            "funding": {
                "url": "https://github.com/fisker/git-hooks-list?sponsor=1"
            }
        },
        "node_modules/globals": {
            "version": "11.12.0",
            "resolved": "https://registry.npmjs.org/globals/-/globals-11.12.0.tgz",
            "integrity": "sha512-WOBp/EEGUiIsJSp7wcv/y6MO+lV9UoncWqxuFfm8eBwzWNgyfBd6Gz+IeKQ9jCmyhoH99g15M3T+QaVHFjizVA==",
            "dev": true,
            "license": "MIT",
            "engines": {
                "node": ">=4"
            }
        },
        "node_modules/is-plain-obj": {
            "version": "4.1.0",
            "resolved": "https://registry.npmjs.org/is-plain-obj/-/is-plain-obj-4.1.0.tgz",
            "integrity": "sha512-+Pgi+vMuUNkJyExiMBt5IlFoMyKnr5zhJ4Uspz58WOhBF5QoIZkFyNHIbBAtHwzVAgk5RtndVNsDRN61/mmDqg==",
            "dev": true,
            "license": "MIT",
            "engines": {
                "node": ">=12"
            },
            "funding": {
                "url": "https://github.com/sponsors/sindresorhus"
            }
        },
        "node_modules/javascript-natural-sort": {
            "version": "0.7.1",
            "resolved": "https://registry.npmjs.org/javascript-natural-sort/-/javascript-natural-sort-0.7.1.tgz",
            "integrity": "sha512-nO6jcEfZWQXDhOiBtG2KvKyEptz7RVbpGP4vTD2hLBdmNQSsCiicO2Ioinv6UI4y9ukqnBpy+XZ9H6uLNgJTlw==",
            "dev": true,
            "license": "MIT"
        },
        "node_modules/js-tokens": {
            "version": "4.0.0",
            "resolved": "https://registry.npmjs.org/js-tokens/-/js-tokens-4.0.0.tgz",
            "integrity": "sha512-RdJUflcE3cUzKiMqQgsCu06FPu9UdIJO0beYbPhHN4k6apgJtifcoCtT9bcxOpYBtpD2kCM6Sbzg4CausW/PKQ==",
            "dev": true,
            "license": "MIT"
        },
        "node_modules/jsesc": {
            "version": "3.1.0",
            "resolved": "https://registry.npmjs.org/jsesc/-/jsesc-3.1.0.tgz",
            "integrity": "sha512-/sM3dO2FOzXjKQhJuo0Q173wf2KOo8t4I8vHy6lF9poUp7bKT0/NHE8fPX23PwfhnykfqnC2xRxOnVw5XuGIaA==",
            "dev": true,
            "license": "MIT",
            "bin": {
                "jsesc": "bin/jsesc"
            },
            "engines": {
                "node": ">=6"
            }
        },
        "node_modules/lodash": {
            "version": "4.17.21",
            "resolved": "https://registry.npmjs.org/lodash/-/lodash-4.17.21.tgz",
            "integrity": "sha512-v2kDEe57lecTulaDIuNTPy3Ry4gLGJ6Z1O3vE1krgXZNrsQ+LFTGHVxVjcXPs17LhbZVGedAJv8XZ1tvj5FvSg==",
            "dev": true,
            "license": "MIT"
        },
        "node_modules/ms": {
            "version": "2.1.3",
            "resolved": "https://registry.npmjs.org/ms/-/ms-2.1.3.tgz",
            "integrity": "sha512-6FlzubTLZG3J2a/NVCAleEhjzq5oxgHyaCU9yYXvcLsvoVaHJq/s5xXI6/XXP6tz7R9xAOtHnSO/tXtF3WRTlA==",
            "dev": true,
            "license": "MIT"
        },
        "node_modules/picocolors": {
            "version": "1.1.1",
            "resolved": "https://registry.npmjs.org/picocolors/-/picocolors-1.1.1.tgz",
            "integrity": "sha512-xceH2snhtb5M9liqDsmEw56le376mTZkEX/jEb/RxNFyegNul7eNslCXP9FDj/Lcu0X8KEyMceP2ntpaHrDEVA==",
            "dev": true,
            "license": "ISC"
        },
        "node_modules/picomatch": {
            "version": "4.0.2",
            "resolved": "https://registry.npmjs.org/picomatch/-/picomatch-4.0.2.tgz",
            "integrity": "sha512-M7BAV6Rlcy5u+m6oPhAPFgJTzAioX/6B0DxyvDlo9l8+T3nLKbrczg2WLUyzd45L8RqfUMyGPzekbMvX2Ldkwg==",
            "dev": true,
            "license": "MIT",
            "engines": {
                "node": ">=12"
            },
            "funding": {
                "url": "https://github.com/sponsors/jonschlinkert"
            }
        },
        "node_modules/prettier": {
            "version": "3.5.3",
            "resolved": "https://registry.npmjs.org/prettier/-/prettier-3.5.3.tgz",
            "integrity": "sha512-QQtaxnoDJeAkDvDKWCLiwIXkTgRhwYDEQCghU9Z6q03iyek/rxRh/2lC3HB7P8sWT2xC/y5JDctPLBIGzHKbhw==",
            "dev": true,
            "license": "MIT",
            "bin": {
                "prettier": "bin/prettier.cjs"
            },
            "engines": {
                "node": ">=14"
            },
            "funding": {
                "url": "https://github.com/prettier/prettier?sponsor=1"
            }
        },
        "node_modules/prettier-plugin-organize-imports": {
            "version": "4.1.0",
            "resolved": "https://registry.npmjs.org/prettier-plugin-organize-imports/-/prettier-plugin-organize-imports-4.1.0.tgz",
            "integrity": "sha512-5aWRdCgv645xaa58X8lOxzZoiHAldAPChljr/MT0crXVOWTZ+Svl4hIWlz+niYSlO6ikE5UXkN1JrRvIP2ut0A==",
            "dev": true,
            "license": "MIT",
            "peer": true,
            "peerDependencies": {
                "prettier": ">=2.0",
                "typescript": ">=2.9",
                "vue-tsc": "^2.1.0"
            },
            "peerDependenciesMeta": {
                "vue-tsc": {
                    "optional": true
                }
            }
        },
        "node_modules/prettier-plugin-packagejson": {
            "version": "2.5.14",
            "dev": true,
            "license": "MIT",
            "dependencies": {
                "sort-package-json": "3.2.1",
                "synckit": "0.11.6"
            },
            "peerDependencies": {
                "prettier": ">= 1.16.0"
            },
            "peerDependenciesMeta": {
                "prettier": {
                    "optional": true
                }
            }
        },
        "node_modules/semver": {
            "version": "7.7.2",
            "dev": true,
            "license": "ISC",
            "bin": {
                "semver": "bin/semver.js"
            },
            "engines": {
                "node": ">=10"
            }
        },
        "node_modules/sort-object-keys": {
            "version": "1.1.3",
            "resolved": "https://registry.npmjs.org/sort-object-keys/-/sort-object-keys-1.1.3.tgz",
            "integrity": "sha512-855pvK+VkU7PaKYPc+Jjnmt4EzejQHyhhF33q31qG8x7maDzkeFhAAThdCYay11CISO+qAMwjOBP+fPZe0IPyg==",
            "dev": true,
            "license": "MIT"
        },
        "node_modules/sort-package-json": {
            "version": "3.2.1",
            "dev": true,
            "license": "MIT",
            "dependencies": {
                "detect-indent": "^7.0.1",
                "detect-newline": "^4.0.1",
                "git-hooks-list": "^4.0.0",
                "is-plain-obj": "^4.1.0",
                "semver": "^7.7.1",
                "sort-object-keys": "^1.1.3",
                "tinyglobby": "^0.2.12"
            },
            "bin": {
                "sort-package-json": "cli.js"
            }
        },
        "node_modules/synckit": {
            "version": "0.11.6",
            "dev": true,
            "license": "MIT",
            "dependencies": {
                "@pkgr/core": "^0.2.4"
            },
            "engines": {
                "node": "^14.18.0 || >=16.0.0"
            },
            "funding": {
                "url": "https://opencollective.com/synckit"
            }
        },
        "node_modules/tinyglobby": {
            "version": "0.2.13",
            "resolved": "https://registry.npmjs.org/tinyglobby/-/tinyglobby-0.2.13.tgz",
            "integrity": "sha512-mEwzpUgrLySlveBwEVDMKk5B57bhLPYovRfPAXD5gA/98Opn0rCDj3GtLwFvCvH5RK9uPCExUROW5NjDwvqkxw==",
            "dev": true,
            "license": "MIT",
            "dependencies": {
                "fdir": "^6.4.4",
                "picomatch": "^4.0.2"
            },
            "engines": {
                "node": ">=12.0.0"
            },
            "funding": {
                "url": "https://github.com/sponsors/SuperchupuDev"
            }
        },
        "node_modules/typescript": {
            "version": "5.8.3",
            "resolved": "https://registry.npmjs.org/typescript/-/typescript-5.8.3.tgz",
            "integrity": "sha512-p1diW6TqL9L07nNxvRMM7hMMw4c5XOo/1ibL4aAIGmSAt9slTE1Xgw5KWuof2uTOvCg9BY7ZRi+GaF+7sfgPeQ==",
            "dev": true,
            "license": "Apache-2.0",
            "bin": {
                "tsc": "bin/tsc",
                "tsserver": "bin/tsserver"
            },
            "engines": {
                "node": ">=14.17"
            }
        },
        "node_modules/undici-types": {
            "version": "6.21.0",
            "dev": true,
            "license": "MIT"
        }
    }
}
