{
    "name": "@goauthentik/lifecycle-aws",
    "version": "0.0.0",
    "lockfileVersion": 3,
    "requires": true,
    "packages": {
        "": {
            "name": "@goauthentik/lifecycle-aws",
            "version": "0.0.0",
            "license": "MIT",
            "devDependencies": {
                "aws-cdk": "^2.176.0"
            },
            "engines": {
                "node": ">=20"
            }
        },
        "node_modules/aws-cdk": {
            "version": "2.176.0",
            "resolved": "https://registry.npmjs.org/aws-cdk/-/aws-cdk-2.176.0.tgz",
            "integrity": "sha512-yRjIXzK2ddznwuSjasWAViYBtBSQbEu6GHlylaC3GHsIUPhrK3KguqIuhdlxjMeiQ1Fvok8REDLCReZJdrSLLg==",
            "dev": true,
            "license": "Apache-2.0",
            "bin": {
                "cdk": "bin/cdk"
            },
            "engines": {
                "node": ">= 14.15.0"
            },
            "optionalDependencies": {
                "fsevents": "2.3.2"
            }
        },
        "node_modules/fsevents": {
            "version": "2.3.2",
            "resolved": "https://registry.npmjs.org/fsevents/-/fsevents-2.3.2.tgz",
            "integrity": "sha512-xiqMQR4xAeHTuB9uWm+fFRcIOgKBMiOBP+eXiyT7jsgVCq1bkVygt00oASowB7EdtpOHaaPgKt812P9ab+DDKA==",
            "dev": true,
            "hasInstallScript": true,
            "license": "MIT",
            "optional": true,
            "os": [
                "darwin"
            ],
            "engines": {
                "node": "^8.16.0 || ^10.6.0 || >=11.0.0"
            }
        }
    }
}
