# THIS IS AN AUTOGENERATED FILE. DO NOT EDIT THIS FILE DIRECTLY.
# yarn lockfile v1


"@fortawesome/fontawesome-free@^5.14.0":
  version "5.14.0"
  resolved "https://registry.yarnpkg.com/@fortawesome/fontawesome-free/-/fontawesome-free-5.14.0.tgz#a371e91029ebf265015e64f81bfbf7d228c9681f"
  integrity sha512-OfdMsF+ZQgdKHP9jUbmDcRrP0eX90XXrsXIdyjLbkmSBzmMXPABB8eobUJtivaupucYaByz6WNe1PI1JuYm3qA==

"@patternfly/patternfly@^4.23.3":
  version "4.23.3"
  resolved "https://registry.yarnpkg.com/@patternfly/patternfly/-/patternfly-4.23.3.tgz#ecc60fe2a1c1315951dc39bf7d52ced9c1c74079"
  integrity sha512-q8C98ihcRYBY+FB+KY3bQ9y1Pn/NjBff4hwKsxatrs/MSO/++CuEncg4q7WHjIq2zadA4/7W+Vg3CXuiOP0geg==

codemirror@^5.56.0:
  version "5.56.0"
  resolved "https://registry.yarnpkg.com/codemirror/-/codemirror-5.56.0.tgz#675640fcc780105cd22d3faa738b5d7ea6426f61"
  integrity sha512-MfKVmYgifXjQpLSgpETuih7A7WTTIsxvKfSLGseTY5+qt0E1UD1wblZGM6WLenORo8sgmf+3X+WTe2WF7mufyw==
