# THIS IS AN AUTOGENERATED FILE. DO NOT EDIT THIS FILE DIRECTLY.
# yarn lockfile v1


"@fortawesome/fontawesome-free@^5.13.1":
  version "5.13.1"
  resolved "https://registry.yarnpkg.com/@fortawesome/fontawesome-free/-/fontawesome-free-5.13.1.tgz#c53b4066edae16cd1fd669f687baf031b45fb9d6"
  integrity sha512-D819f34FLHeBN/4xvw0HR0u7U2G7RqjPSggXqf7LktsxWQ48VAfGwvMrhcVuaZV2fF069c/619RdgCCms0DHhw==

"@patternfly/patternfly@^4.16.7":
  version "4.16.7"
  resolved "https://registry.yarnpkg.com/@patternfly/patternfly/-/patternfly-4.16.7.tgz#6343eb530528e5b6c2670d24b115031e135f15ad"
  integrity sha512-B5jP/xG1MxNNDO3p52rx7a2DJspq8aUJFixYdPk1peK7SaC5X9ju2oCyE9xN1Nfe1AjlPxAOpNWPd9TWw88yLQ==

codemirror@^5.55.0:
  version "5.55.0"
  resolved "https://registry.yarnpkg.com/codemirror/-/codemirror-5.55.0.tgz#23731f641288f202a6858fdc878f3149e0e04363"
  integrity sha512-TumikSANlwiGkdF/Blnu/rqovZ0Y3Jh8yy9TqrPbSM0xxSucq3RgnpVDQ+mD9q6JERJEIT2FMuF/fBGfkhIR/g==
