# THIS IS AN AUTOGENERATED FILE. DO NOT EDIT THIS FILE DIRECTLY.
# yarn lockfile v1


"@fortawesome/fontawesome-free@^5.14.0":
  version "5.14.0"
  resolved "https://registry.yarnpkg.com/@fortawesome/fontawesome-free/-/fontawesome-free-5.14.0.tgz#a371e91029ebf265015e64f81bfbf7d228c9681f"
  integrity sha512-OfdMsF+ZQgdKHP9jUbmDcRrP0eX90XXrsXIdyjLbkmSBzmMXPABB8eobUJtivaupucYaByz6WNe1PI1JuYm3qA==

"@patternfly/patternfly@^4.42.2":
  version "4.42.2"
  resolved "https://registry.yarnpkg.com/@patternfly/patternfly/-/patternfly-4.42.2.tgz#236d87bd85f00cb7a16d0c2956638ecedc3fa6ef"
  integrity sha512-VLDhNko4D09sKcnzWEzMr8T8z9btqAYpuK0ntWMsAwi+/C9XsKyaxPioxuEsm7PeuW6OU0neEzSDYMSUnwrMBQ==

codemirror@^5.58.1:
  version "5.58.1"
  resolved "https://registry.yarnpkg.com/codemirror/-/codemirror-5.58.1.tgz#ec6bf38ad2a17f74c61bd00cc6dc5a69bd167854"
  integrity sha512-UGb/ueu20U4xqWk8hZB3xIfV2/SFqnSLYONiM3wTMDqko0bsYrsAkGGhqUzbRkYm89aBKPyHtuNEbVWF9FTFzw==
