{
    "name": "@goauthentik/tsconfig",
    "version": "1.0.5",
    "lockfileVersion": 3,
    "requires": true,
    "packages": {
        "": {
            "name": "@goauthentik/tsconfig",
            "version": "1.0.5",
            "license": "MIT",
            "engines": {
                "node": ">=24",
                "npm": ">=11.6.2"
            }
        }
    }
}
