{
    "name": "@goauthentik/tsconfig",
    "version": "1.0.4",
    "lockfileVersion": 3,
    "requires": true,
    "packages": {
        "": {
            "name": "@goauthentik/tsconfig",
            "version": "1.0.4",
            "license": "MIT",
            "engines": {
                "node": ">=20.11"
            }
        }
    }
}
